// !$*UTF8*$!
{
	archiveVersion = 1;
	classes = {
	};
	objectVersion = 77;
	objects = {

/* Begin PBXContainerItemProxy section */
		D7AC464C2E50F580001E4AC8 /* PBXContainerItemProxy */ = {
			isa = PBXContainerItemProxy;
			containerPortal = D7AC46332E50F57F001E4AC8 /* Project object */;
			proxyType = 1;
			remoteGlobalIDString = D7AC463A2E50F57F001E4AC8;
			remoteInfo = UserListFromAPI;
		};
		D7AC46562E50F580001E4AC8 /* PBXContainerItemProxy */ = {
			isa = PBXContainerItemProxy;
			containerPortal = D7AC46332E50F57F001E4AC8 /* Project object */;
			proxyType = 1;
			remoteGlobalIDString = D7AC463A2E50F57F001E4AC8;
			remoteInfo = UserListFromAPI;
		};
/* End PBXContainerItemProxy section */

/* Begin PBXFileReference section */
		D7AC463B2E50F57F001E4AC8 /* UserListFromAPI.app */ = {isa = PBXFileReference; explicitFileType = wrapper.application; includeInIndex = 0; path = UserListFromAPI.app; sourceTree = BUILT_PRODUCTS_DIR; };
		D7AC464B2E50F580001E4AC8 /* UserListFromAPITests.xctest */ = {isa = PBXFileReference; explicitFileType = wrapper.cfbundle; includeInIndex = 0; path = UserListFromAPITests.xctest; sourceTree = BUILT_PRODUCTS_DIR; };
		D7AC46552E50F580001E4AC8 /* UserListFromAPIUITests.xctest */ = {isa = PBXFileReference; explicitFileType = wrapper.cfbundle; includeInIndex = 0; path = UserListFromAPIUITests.xctest; sourceTree = BUILT_PRODUCTS_DIR; };
/* End PBXFileReference section */

/* Begin PBXFileSystemSynchronizedRootGroup section */
		D7AC463D2E50F57F001E4AC8 /* UserListFromAPI */ = {
			isa = PBXFileSystemSynchronizedRootGroup;
			path = UserListFromAPI;
			sourceTree = "<group>";
		};
		D7AC464E2E50F580001E4AC8 /* UserListFromAPITests */ = {
			isa = PBXFileSystemSynchronizedRootGroup;
			path = UserListFromAPITests;
			sourceTree = "<group>";
		};
		D7AC46582E50F580001E4AC8 /* UserListFromAPIUITests */ = {
			isa = PBXFileSystemSynchronizedRootGroup;
			path = UserListFromAPIUITests;
			sourceTree = "<group>";
		};
/* End PBXFileSystemSynchronizedRootGroup section */

/* Begin PBXFrameworksBuildPhase section */
		D7AC46382E50F57F001E4AC8 /* Frameworks */ = {
			isa = PBXFrameworksBuildPhase;
			buildActionMask = 2147483647;
			files = (
			);
			runOnlyForDeploymentPostprocessing = 0;
		};
		D7AC46482E50F580001E4AC8 /* Frameworks */ = {
			isa = PBXFrameworksBuildPhase;
			buildActionMask = 2147483647;
			files = (
			);
			runOnlyForDeploymentPostprocessing = 0;
		};
		D7AC46522E50F580001E4AC8 /* Frameworks */ = {
			isa = PBXFrameworksBuildPhase;
			buildActionMask = 2147483647;
			files = (
			);
			runOnlyForDeploymentPostprocessing = 0;
		};
/* End PBXFrameworksBuildPhase section */

/* Begin PBXGroup section */
		D7AC46322E50F57F001E4AC8 = {
			isa = PBXGroup;
			children = (
				D7AC463D2E50F57F001E4AC8 /* UserListFromAPI */,
				D7AC464E2E50F580001E4AC8 /* UserListFromAPITests */,
				D7AC46582E50F580001E4AC8 /* UserListFromAPIUITests */,
				D7AC463C2E50F57F001E4AC8 /* Products */,
			);
			sourceTree = "<group>";
		};
		D7AC463C2E50F57F001E4AC8 /* Products */ = {
			isa = PBXGroup;
			children = (
				D7AC463B2E50F57F001E4AC8 /* UserListFromAPI.app */,
				D7AC464B2E50F580001E4AC8 /* UserListFromAPITests.xctest */,
				D7AC46552E50F580001E4AC8 /* UserListFromAPIUITests.xctest */,
			);
			name = Products;
			sourceTree = "<group>";
		};
/* End PBXGroup section */

/* Begin PBXNativeTarget section */
		D7AC463A2E50F57F001E4AC8 /* UserListFromAPI */ = {
			isa = PBXNativeTarget;
			buildConfigurationList = D7AC465F2E50F580001E4AC8 /* Build configuration list for PBXNativeTarget "UserListFromAPI" */;
			buildPhases = (
				D7AC46372E50F57F001E4AC8 /* Sources */,
				D7AC46382E50F57F001E4AC8 /* Frameworks */,
				D7AC46392E50F57F001E4AC8 /* Resources */,
			);
			buildRules = (
			);
			dependencies = (
			);
			fileSystemSynchronizedGroups = (
				D7AC463D2E50F57F001E4AC8 /* UserListFromAPI */,
			);
			name = UserListFromAPI;
			packageProductDependencies = (
			);
			productName = UserListFromAPI;
			productReference = D7AC463B2E50F57F001E4AC8 /* UserListFromAPI.app */;
			productType = "com.apple.product-type.application";
		};
		D7AC464A2E50F580001E4AC8 /* UserListFromAPITests */ = {
			isa = PBXNativeTarget;
			buildConfigurationList = D7AC46622E50F580001E4AC8 /* Build configuration list for PBXNativeTarget "UserListFromAPITests" */;
			buildPhases = (
				D7AC46472E50F580001E4AC8 /* Sources */,
				D7AC46482E50F580001E4AC8 /* Frameworks */,
				D7AC46492E50F580001E4AC8 /* Resources */,
			);
			buildRules = (
			);
			dependencies = (
				D7AC464D2E50F580001E4AC8 /* PBXTargetDependency */,
			);
			fileSystemSynchronizedGroups = (
				D7AC464E2E50F580001E4AC8 /* UserListFromAPITests */,
			);
			name = UserListFromAPITests;
			packageProductDependencies = (
			);
			productName = UserListFromAPITests;
			productReference = D7AC464B2E50F580001E4AC8 /* UserListFromAPITests.xctest */;
			productType = "com.apple.product-type.bundle.unit-test";
		};
		D7AC46542E50F580001E4AC8 /* UserListFromAPIUITests */ = {
			isa = PBXNativeTarget;
			buildConfigurationList = D7AC46652E50F580001E4AC8 /* Build configuration list for PBXNativeTarget "UserListFromAPIUITests" */;
			buildPhases = (
				D7AC46512E50F580001E4AC8 /* Sources */,
				D7AC46522E50F580001E4AC8 /* Frameworks */,
				D7AC46532E50F580001E4AC8 /* Resources */,
			);
			buildRules = (
			);
			dependencies = (
				D7AC46572E50F580001E4AC8 /* PBXTargetDependency */,
			);
			fileSystemSynchronizedGroups = (
				D7AC46582E50F580001E4AC8 /* UserListFromAPIUITests */,
			);
			name = UserListFromAPIUITests;
			packageProductDependencies = (
			);
			productName = UserListFromAPIUITests;
			productReference = D7AC46552E50F580001E4AC8 /* UserListFromAPIUITests.xctest */;
			productType = "com.apple.product-type.bundle.ui-testing";
		};
/* End PBXNativeTarget section */

/* Begin PBXProject section */
		D7AC46332E50F57F001E4AC8 /* Project object */ = {
			isa = PBXProject;
			attributes = {
				BuildIndependentTargetsInParallel = 1;
				LastSwiftUpdateCheck = 1600;
				LastUpgradeCheck = 1600;
				TargetAttributes = {
					D7AC463A2E50F57F001E4AC8 = {
						CreatedOnToolsVersion = 16.0;
					};
					D7AC464A2E50F580001E4AC8 = {
						CreatedOnToolsVersion = 16.0;
						TestTargetID = D7AC463A2E50F57F001E4AC8;
					};
					D7AC46542E50F580001E4AC8 = {
						CreatedOnToolsVersion = 16.0;
						TestTargetID = D7AC463A2E50F57F001E4AC8;
					};
				};
			};
			buildConfigurationList = D7AC46362E50F57F001E4AC8 /* Build configuration list for PBXProject "UserListFromAPI" */;
			developmentRegion = en;
			hasScannedForEncodings = 0;
			knownRegions = (
				en,
				Base,
			);
			mainGroup = D7AC46322E50F57F001E4AC8;
			minimizedProjectReferenceProxies = 1;
			preferredProjectObjectVersion = 77;
			productRefGroup = D7AC463C2E50F57F001E4AC8 /* Products */;
			projectDirPath = "";
			projectRoot = "";
			targets = (
				D7AC463A2E50F57F001E4AC8 /* UserListFromAPI */,
				D7AC464A2E50F580001E4AC8 /* UserListFromAPITests */,
				D7AC46542E50F580001E4AC8 /* UserListFromAPIUITests */,
			);
		};
/* End PBXProject section */

/* Begin PBXResourcesBuildPhase section */
		D7AC46392E50F57F001E4AC8 /* Resources */ = {
			isa = PBXResourcesBuildPhase;
			buildActionMask = 2147483647;
			files = (
			);
			runOnlyForDeploymentPostprocessing = 0;
		};
		D7AC46492E50F580001E4AC8 /* Resources */ = {
			isa = PBXResourcesBuildPhase;
			buildActionMask = 2147483647;
			files = (
			);
			runOnlyForDeploymentPostprocessing = 0;
		};
		D7AC46532E50F580001E4AC8 /* Resources */ = {
			isa = PBXResourcesBuildPhase;
			buildActionMask = 2147483647;
			files = (
			);
			runOnlyForDeploymentPostprocessing = 0;
		};
/* End PBXResourcesBuildPhase section */

/* Begin PBXSourcesBuildPhase section */
		D7AC46372E50F57F001E4AC8 /* Sources */ = {
			isa = PBXSourcesBuildPhase;
			buildActionMask = 2147483647;
			files = (
			);
			runOnlyForDeploymentPostprocessing = 0;
		};
		D7AC46472E50F580001E4AC8 /* Sources */ = {
			isa = PBXSourcesBuildPhase;
			buildActionMask = 2147483647;
			files = (
			);
			runOnlyForDeploymentPostprocessing = 0;
		};
		D7AC46512E50F580001E4AC8 /* Sources */ = {
			isa = PBXSourcesBuildPhase;
			buildActionMask = 2147483647;
			files = (
			);
			runOnlyForDeploymentPostprocessing = 0;
		};
/* End PBXSourcesBuildPhase section */

/* Begin PBXTargetDependency section */
		D7AC464D2E50F580001E4AC8 /* PBXTargetDependency */ = {
			isa = PBXTargetDependency;
			target = D7AC463A2E50F57F001E4AC8 /* UserListFromAPI */;
			targetProxy = D7AC464C2E50F580001E4AC8 /* PBXContainerItemProxy */;
		};
		D7AC46572E50F580001E4AC8 /* PBXTargetDependency */ = {
			isa = PBXTargetDependency;
			target = D7AC463A2E50F57F001E4AC8 /* UserListFromAPI */;
			targetProxy = D7AC46562E50F580001E4AC8 /* PBXContainerItemProxy */;
		};
/* End PBXTargetDependency section */

/* Begin XCBuildConfiguration section */
		D7AC465D2E50F580001E4AC8 /* Debug */ = {
			isa = XCBuildConfiguration;
			buildSettings = {
				ALWAYS_SEARCH_USER_PATHS = NO;
				ASSETCATALOG_COMPILER_GENERATE_SWIFT_ASSET_SYMBOL_EXTENSIONS = YES;
				CLANG_ANALYZER_NONNULL = YES;
				CLANG_ANALYZER_NUMBER_OBJECT_CONVERSION = YES_AGGRESSIVE;
				CLANG_CXX_LANGUAGE_STANDARD = "gnu++20";
				CLANG_ENABLE_MODULES = YES;
				CLANG_ENABLE_OBJC_ARC = YES;
				CLANG_ENABLE_OBJC_WEAK = YES;
				CLANG_WARN_BLOCK_CAPTURE_AUTORELEASING = YES;
				CLANG_WARN_BOOL_CONVERSION = YES;
				CLANG_WARN_COMMA = YES;
				CLANG_WARN_CONSTANT_CONVERSION = YES;
				CLANG_WARN_DEPRECATED_OBJC_IMPLEMENTATIONS = YES;
				CLANG_WARN_DIRECT_OBJC_ISA_USAGE = YES_ERROR;
				CLANG_WARN_DOCUMENTATION_COMMENTS = YES;
				CLANG_WARN_EMPTY_BODY = YES;
				CLANG_WARN_ENUM_CONVERSION = YES;
				CLANG_WARN_INFINITE_RECURSION = YES;
				CLANG_WARN_INT_CONVERSION = YES;
				CLANG_WARN_NON_LITERAL_NULL_CONVERSION = YES;
				CLANG_WARN_OBJC_IMPLICIT_RETAIN_SELF = YES;
				CLANG_WARN_OBJC_LITERAL_CONVERSION = YES;
				CLANG_WARN_OBJC_ROOT_CLASS = YES_ERROR;
				CLANG_WARN_QUOTED_INCLUDE_IN_FRAMEWORK_HEADER = YES;
				CLANG_WARN_RANGE_LOOP_ANALYSIS = YES;
				CLANG_WARN_STRICT_PROTOTYPES = YES;
				CLANG_WARN_SUSPICIOUS_MOVE = YES;
				CLANG_WARN_UNGUARDED_AVAILABILITY = YES_AGGRESSIVE;
				CLANG_WARN_UNREACHABLE_CODE = YES;
				CLANG_WARN__DUPLICATE_METHOD_MATCH = YES;
				COPY_PHASE_STRIP = NO;
				DEBUG_INFORMATION_FORMAT = dwarf;
				ENABLE_STRICT_OBJC_MSGSEND = YES;
				ENABLE_TESTABILITY = YES;
				ENABLE_USER_SCRIPT_SANDBOXING = YES;
				GCC_C_LANGUAGE_STANDARD = gnu17;
				GCC_DYNAMIC_NO_PIC = NO;
				GCC_NO_COMMON_BLOCKS = YES;
				GCC_OPTIMIZATION_LEVEL = 0;
				GCC_PREPROCESSOR_DEFINITIONS = (
					"DEBUG=1",
					"$(inherited)",
				);
				GCC_WARN_64_TO_32_BIT_CONVERSION = YES;
				GCC_WARN_ABOUT_RETURN_TYPE = YES_ERROR;
				GCC_WARN_UNDECLARED_SELECTOR = YES;
				GCC_WARN_UNINITIALIZED_AUTOS = YES_AGGRESSIVE;
				GCC_WARN_UNUSED_FUNCTION = YES;
				GCC_WARN_UNUSED_VARIABLE = YES;
				IPHONEOS_DEPLOYMENT_TARGET = 18.0;
				LOCALIZATION_PREFERS_STRING_CATALOGS = YES;
				MTL_ENABLE_DEBUG_INFO = INCLUDE_SOURCE;
				MTL_FAST_MATH = YES;
				ONLY_ACTIVE_ARCH = YES;
				SDKROOT = iphoneos;
				SWIFT_ACTIVE_COMPILATION_CONDITIONS = "DEBUG $(inherited)";
				SWIFT_OPTIMIZATION_LEVEL = "-Onone";
			};
			name = Debug;
		};
		D7AC465E2E50F580001E4AC8 /* Release */ = {
			isa = XCBuildConfiguration;
			buildSettings = {
				ALWAYS_SEARCH_USER_PATHS = NO;
				ASSETCATALOG_COMPILER_GENERATE_SWIFT_ASSET_SYMBOL_EXTENSIONS = YES;
				CLANG_ANALYZER_NONNULL = YES;
				CLANG_ANALYZER_NUMBER_OBJECT_CONVERSION = YES_AGGRESSIVE;
				CLANG_CXX_LANGUAGE_STANDARD = "gnu++20";
				CLANG_ENABLE_MODULES = YES;
				CLANG_ENABLE_OBJC_ARC = YES;
				CLANG_ENABLE_OBJC_WEAK = YES;
				CLANG_WARN_BLOCK_CAPTURE_AUTORELEASING = YES;
				CLANG_WARN_BOOL_CONVERSION = YES;
				CLANG_WARN_COMMA = YES;
				CLANG_WARN_CONSTANT_CONVERSION = YES;
				CLANG_WARN_DEPRECATED_OBJC_IMPLEMENTATIONS = YES;
				CLANG_WARN_DIRECT_OBJC_ISA_USAGE = YES_ERROR;
				CLANG_WARN_DOCUMENTATION_COMMENTS = YES;
				CLANG_WARN_EMPTY_BODY = YES;
				CLANG_WARN_ENUM_CONVERSION = YES;
				CLANG_WARN_INFINITE_RECURSION = YES;
				CLANG_WARN_INT_CONVERSION = YES;
				CLANG_WARN_NON_LITERAL_NULL_CONVERSION = YES;
				CLANG_WARN_OBJC_IMPLICIT_RETAIN_SELF = YES;
				CLANG_WARN_OBJC_LITERAL_CONVERSION = YES;
				CLANG_WARN_OBJC_ROOT_CLASS = YES_ERROR;
				CLANG_WARN_QUOTED_INCLUDE_IN_FRAMEWORK_HEADER = YES;
				CLANG_WARN_RANGE_LOOP_ANALYSIS = YES;
				CLANG_WARN_STRICT_PROTOTYPES = YES;
				CLANG_WARN_SUSPICIOUS_MOVE = YES;
				CLANG_WARN_UNGUARDED_AVAILABILITY = YES_AGGRESSIVE;
				CLANG_WARN_UNREACHABLE_CODE = YES;
				CLANG_WARN__DUPLICATE_METHOD_MATCH = YES;
				COPY_PHASE_STRIP = NO;
				DEBUG_INFORMATION_FORMAT = "dwarf-with-dsym";
				ENABLE_NS_ASSERTIONS = NO;
				ENABLE_STRICT_OBJC_MSGSEND = YES;
				ENABLE_USER_SCRIPT_SANDBOXING = YES;
				GCC_C_LANGUAGE_STANDARD = gnu17;
				GCC_NO_COMMON_BLOCKS = YES;
				GCC_WARN_64_TO_32_BIT_CONVERSION = YES;
				GCC_WARN_ABOUT_RETURN_TYPE = YES_ERROR;
				GCC_WARN_UNDECLARED_SELECTOR = YES;
				GCC_WARN_UNINITIALIZED_AUTOS = YES_AGGRESSIVE;
				GCC_WARN_UNUSED_FUNCTION = YES;
				GCC_WARN_UNUSED_VARIABLE = YES;
				IPHONEOS_DEPLOYMENT_TARGET = 18.0;
				LOCALIZATION_PREFERS_STRING_CATALOGS = YES;
				MTL_ENABLE_DEBUG_INFO = NO;
				MTL_FAST_MATH = YES;
				SDKROOT = iphoneos;
				SWIFT_COMPILATION_MODE = wholemodule;
				VALIDATE_PRODUCT = YES;
			};
			name = Release;
		};
		D7AC46602E50F580001E4AC8 /* Debug */ = {
			isa = XCBuildConfiguration;
			buildSettings = {
				ASSETCATALOG_COMPILER_APPICON_NAME = AppIcon;
				ASSETCATALOG_COMPILER_GLOBAL_ACCENT_COLOR_NAME = AccentColor;
				CODE_SIGN_STYLE = Automatic;
				CURRENT_PROJECT_VERSION = 1;
				DEVELOPMENT_ASSET_PATHS = "\"UserListFromAPI/Preview Content\"";
				ENABLE_PREVIEWS = YES;
				GENERATE_INFOPLIST_FILE = YES;
				INFOPLIST_KEY_UIApplicationSceneManifest_Generation = YES;
				INFOPLIST_KEY_UIApplicationSupportsIndirectInputEvents = YES;
				INFOPLIST_KEY_UILaunchScreen_Generation = YES;
				INFOPLIST_KEY_UISupportedInterfaceOrientations_iPad = "UIInterfaceOrientationPortrait UIInterfaceOrientationPortraitUpsideDown UIInterfaceOrientationLandscapeLeft UIInterfaceOrientationLandscapeRight";
				INFOPLIST_KEY_UISupportedInterfaceOrientations_iPhone = "UIInterfaceOrientationPortrait UIInterfaceOrientationLandscapeLeft UIInterfaceOrientationLandscapeRight";
				LD_RUNPATH_SEARCH_PATHS = (
					"$(inherited)",
					"@executable_path/Frameworks",
				);
				MARKETING_VERSION = 1.0;
				PRODUCT_BUNDLE_IDENTIFIER = Ramesh.UserListFromAPI;
				PRODUCT_NAME = "$(TARGET_NAME)";
				SWIFT_EMIT_LOC_STRINGS = YES;
				SWIFT_VERSION = 5.0;
				TARGETED_DEVICE_FAMILY = "1,2";
			};
			name = Debug;
		};
		D7AC46612E50F580001E4AC8 /* Release */ = {
			isa = XCBuildConfiguration;
			buildSettings = {
				ASSETCATALOG_COMPILER_APPICON_NAME = AppIcon;
				ASSETCATALOG_COMPILER_GLOBAL_ACCENT_COLOR_NAME = AccentColor;
				CODE_SIGN_STYLE = Automatic;
				CURRENT_PROJECT_VERSION = 1;
				DEVELOPMENT_ASSET_PATHS = "\"UserListFromAPI/Preview Content\"";
				ENABLE_PREVIEWS = YES;
				GENERATE_INFOPLIST_FILE = YES;
				INFOPLIST_KEY_UIApplicationSceneManifest_Generation = YES;
				INFOPLIST_KEY_UIApplicationSupportsIndirectInputEvents = YES;
				INFOPLIST_KEY_UILaunchScreen_Generation = YES;
				INFOPLIST_KEY_UISupportedInterfaceOrientations_iPad = "UIInterfaceOrientationPortrait UIInterfaceOrientationPortraitUpsideDown UIInterfaceOrientationLandscapeLeft UIInterfaceOrientationLandscapeRight";
				INFOPLIST_KEY_UISupportedInterfaceOrientations_iPhone = "UIInterfaceOrientationPortrait UIInterfaceOrientationLandscapeLeft UIInterfaceOrientationLandscapeRight";
				LD_RUNPATH_SEARCH_PATHS = (
					"$(inherited)",
					"@executable_path/Frameworks",
				);
				MARKETING_VERSION = 1.0;
				PRODUCT_BUNDLE_IDENTIFIER = Ramesh.UserListFromAPI;
				PRODUCT_NAME = "$(TARGET_NAME)";
				SWIFT_EMIT_LOC_STRINGS = YES;
				SWIFT_VERSION = 5.0;
				TARGETED_DEVICE_FAMILY = "1,2";
			};
			name = Release;
		};
		D7AC46632E50F580001E4AC8 /* Debug */ = {
			isa = XCBuildConfiguration;
			buildSettings = {
				BUNDLE_LOADER = "$(TEST_HOST)";
				CODE_SIGN_STYLE = Automatic;
				CURRENT_PROJECT_VERSION = 1;
				GENERATE_INFOPLIST_FILE = YES;
				IPHONEOS_DEPLOYMENT_TARGET = 18.0;
				MARKETING_VERSION = 1.0;
				PRODUCT_BUNDLE_IDENTIFIER = Ramesh.UserListFromAPITests;
				PRODUCT_NAME = "$(TARGET_NAME)";
				SWIFT_EMIT_LOC_STRINGS = NO;
				SWIFT_VERSION = 5.0;
				TARGETED_DEVICE_FAMILY = "1,2";
				TEST_HOST = "$(BUILT_PRODUCTS_DIR)/UserListFromAPI.app/$(BUNDLE_EXECUTABLE_FOLDER_PATH)/UserListFromAPI";
			};
			name = Debug;
		};
		D7AC46642E50F580001E4AC8 /* Release */ = {
			isa = XCBuildConfiguration;
			buildSettings = {
				BUNDLE_LOADER = "$(TEST_HOST)";
				CODE_SIGN_STYLE = Automatic;
				CURRENT_PROJECT_VERSION = 1;
				GENERATE_INFOPLIST_FILE = YES;
				IPHONEOS_DEPLOYMENT_TARGET = 18.0;
				MARKETING_VERSION = 1.0;
				PRODUCT_BUNDLE_IDENTIFIER = Ramesh.UserListFromAPITests;
				PRODUCT_NAME = "$(TARGET_NAME)";
				SWIFT_EMIT_LOC_STRINGS = NO;
				SWIFT_VERSION = 5.0;
				TARGETED_DEVICE_FAMILY = "1,2";
				TEST_HOST = "$(BUILT_PRODUCTS_DIR)/UserListFromAPI.app/$(BUNDLE_EXECUTABLE_FOLDER_PATH)/UserListFromAPI";
			};
			name = Release;
		};
		D7AC46662E50F580001E4AC8 /* Debug */ = {
			isa = XCBuildConfiguration;
			buildSettings = {
				CODE_SIGN_STYLE = Automatic;
				CURRENT_PROJECT_VERSION = 1;
				GENERATE_INFOPLIST_FILE = YES;
				MARKETING_VERSION = 1.0;
				PRODUCT_BUNDLE_IDENTIFIER = Ramesh.UserListFromAPIUITests;
				PRODUCT_NAME = "$(TARGET_NAME)";
				SWIFT_EMIT_LOC_STRINGS = NO;
				SWIFT_VERSION = 5.0;
				TARGETED_DEVICE_FAMILY = "1,2";
				TEST_TARGET_NAME = UserListFromAPI;
			};
			name = Debug;
		};
		D7AC46672E50F580001E4AC8 /* Release */ = {
			isa = XCBuildConfiguration;
			buildSettings = {
				CODE_SIGN_STYLE = Automatic;
				CURRENT_PROJECT_VERSION = 1;
				GENERATE_INFOPLIST_FILE = YES;
				MARKETING_VERSION = 1.0;
				PRODUCT_BUNDLE_IDENTIFIER = Ramesh.UserListFromAPIUITests;
				PRODUCT_NAME = "$(TARGET_NAME)";
				SWIFT_EMIT_LOC_STRINGS = NO;
				SWIFT_VERSION = 5.0;
				TARGETED_DEVICE_FAMILY = "1,2";
				TEST_TARGET_NAME = UserListFromAPI;
			};
			name = Release;
		};
/* End XCBuildConfiguration section */

/* Begin XCConfigurationList section */
		D7AC46362E50F57F001E4AC8 /* Build configuration list for PBXProject "UserListFromAPI" */ = {
			isa = XCConfigurationList;
			buildConfigurations = (
				D7AC465D2E50F580001E4AC8 /* Debug */,
				D7AC465E2E50F580001E4AC8 /* Release */,
			);
			defaultConfigurationIsVisible = 0;
			defaultConfigurationName = Release;
		};
		D7AC465F2E50F580001E4AC8 /* Build configuration list for PBXNativeTarget "UserListFromAPI" */ = {
			isa = XCConfigurationList;
			buildConfigurations = (
				D7AC46602E50F580001E4AC8 /* Debug */,
				D7AC46612E50F580001E4AC8 /* Release */,
			);
			defaultConfigurationIsVisible = 0;
			defaultConfigurationName = Release;
		};
		D7AC46622E50F580001E4AC8 /* Build configuration list for PBXNativeTarget "UserListFromAPITests" */ = {
			isa = XCConfigurationList;
			buildConfigurations = (
				D7AC46632E50F580001E4AC8 /* Debug */,
				D7AC46642E50F580001E4AC8 /* Release */,
			);
			defaultConfigurationIsVisible = 0;
			defaultConfigurationName = Release;
		};
		D7AC46652E50F580001E4AC8 /* Build configuration list for PBXNativeTarget "UserListFromAPIUITests" */ = {
			isa = XCConfigurationList;
			buildConfigurations = (
				D7AC46662E50F580001E4AC8 /* Debug */,
				D7AC46672E50F580001E4AC8 /* Release */,
			);
			defaultConfigurationIsVisible = 0;
			defaultConfigurationName = Release;
		};
/* End XCConfigurationList section */
	};
	rootObject = D7AC46332E50F57F001E4AC8 /* Project object */;
}
